
Microsoft Visual Studio Solution File, Format Version 12.00
# Visual Studio 15
VisualStudioVersion = 15.0.28010.2016
MinimumVisualStudioVersion = 10.0.40219.1
Project("{FAE04EC0-301F-11D3-BF4B-00C04F79EFBC}") = "CompanyAPI", "CompanyAPI\CompanyAPI.csproj", "{99C1E97C-44E1-4DB3-B432-E25FB6B8711A}"
EndProject
Global
	GlobalSection(SolutionConfigurationPlatforms) = preSolution
		Debug|Any CPU = Debug|Any CPU
		Release|Any CPU = Release|Any CPU
	EndGlobalSection
	GlobalSection(ProjectConfigurationPlatforms) = postSolution
		{99C1E97C-44E1-4DB3-B432-E25FB6B8711A}.Debug|Any CPU.ActiveCfg = Debug|Any CPU
		{99C1E97C-44E1-4DB3-B432-E25FB6B8711A}.Debug|Any CPU.Build.0 = Debug|Any CPU
		{99C1E97C-44E1-4DB3-B432-E25FB6B8711A}.Release|Any CPU.ActiveCfg = Release|Any CPU
		{99C1E97C-44E1-4DB3-B432-E25FB6B8711A}.Release|Any CPU.Build.0 = Release|Any CPU
	EndGlobalSection
	GlobalSection(SolutionProperties) = preSolution
		HideSolutionNode = FALSE
	EndGlobalSection
	GlobalSection(ExtensibilityGlobals) = postSolution
		SolutionGuid = {E63A47F3-0149-42A5-ABFF-6A5A418EF352}
	EndGlobalSection
EndGlobal
